
Microsoft Visual Studio Solution File, Format Version 12.00
# Visual Studio 15
VisualStudioVersion = 15.0.28010.2036
MinimumVisualStudioVersion = 10.0.40219.1
Project("{FAE04EC0-301F-11D3-BF4B-00C04F79EFBC}") = "Domain.ServiceG.WebApi", "Domain.ServiceG.WebApi\Domain.ServiceG.WebApi.csproj", "{BD2C2BB7-B1E0-407B-A463-C6D627D30F5D}"
EndProject
Project("{FAE04EC0-301F-11D3-BF4B-00C04F79EFBC}") = "Domain.ServiceG.WebApi.Tests", "Domain.ServiceG.WebApi.Tests\Domain.ServiceG.WebApi.Tests.csproj", "{BC1CD1E0-8734-4126-AC38-8E3007B734C2}"
EndProject
Global
	GlobalSection(SolutionConfigurationPlatforms) = preSolution
		Debug|Any CPU = Debug|Any CPU
		Release|Any CPU = Release|Any CPU
	EndGlobalSection
	GlobalSection(ProjectConfigurationPlatforms) = postSolution
		{BD2C2BB7-B1E0-407B-A463-C6D627D30F5D}.Debug|Any CPU.ActiveCfg = Debug|Any CPU
		{BD2C2BB7-B1E0-407B-A463-C6D627D30F5D}.Debug|Any CPU.Build.0 = Debug|Any CPU
		{BD2C2BB7-B1E0-407B-A463-C6D627D30F5D}.Release|Any CPU.ActiveCfg = Release|Any CPU
		{BD2C2BB7-B1E0-407B-A463-C6D627D30F5D}.Release|Any CPU.Build.0 = Release|Any CPU
		{BC1CD1E0-8734-4126-AC38-8E3007B734C2}.Debug|Any CPU.ActiveCfg = Debug|Any CPU
		{BC1CD1E0-8734-4126-AC38-8E3007B734C2}.Debug|Any CPU.Build.0 = Debug|Any CPU
		{BC1CD1E0-8734-4126-AC38-8E3007B734C2}.Release|Any CPU.ActiveCfg = Release|Any CPU
		{BC1CD1E0-8734-4126-AC38-8E3007B734C2}.Release|Any CPU.Build.0 = Release|Any CPU
	EndGlobalSection
	GlobalSection(SolutionProperties) = preSolution
		HideSolutionNode = FALSE
	EndGlobalSection
	GlobalSection(ExtensibilityGlobals) = postSolution
		SolutionGuid = {B46FB75F-6801-483F-9CE6-DBAB1468E411}
	EndGlobalSection
EndGlobal
